// !$*UTF8*$!
{
	archiveVersion = 1;
	classes = {
	};
	objectVersion = 46;
	objects = {

/* Begin PBXBuildFile section */
		691ED7711C1AC7F900A53C7D /* URLImageView.swift in Sources */ = {isa = PBXBuildFile; fileRef = 691ED7701C1AC7F800A53C7D /* URLImageView.swift */; };
		691F25F51C2EF20C00959A69 /* README.md in Resources */ = {isa = PBXBuildFile; fileRef = 691F25F41C2EF20C00959A69 /* README.md */; };
		692884521BF514D200BFC75A /* CoreDataStackManager.swift in Sources */ = {isa = PBXBuildFile; fileRef = 692884511BF514D200BFC75A /* CoreDataStackManager.swift */; };
		6930D4611C26BA52003EAFCE /* Trip+CoreDataProperties.swift in Sources */ = {isa = PBXBuildFile; fileRef = 6930D45F1C26BA52003EAFCE /* Trip+CoreDataProperties.swift */; };
		6930D4621C26BA52003EAFCE /* Trip.swift in Sources */ = {isa = PBXBuildFile; fileRef = 6930D4601C26BA52003EAFCE /* Trip.swift */; };
		695463861BC0490A009D9C02 /* AppDelegate.swift in Sources */ = {isa = PBXBuildFile; fileRef = 695463851BC0490A009D9C02 /* AppDelegate.swift */; };
		695463881BC0490A009D9C02 /* ExplorePlacesViewController.swift in Sources */ = {isa = PBXBuildFile; fileRef = 695463871BC0490A009D9C02 /* ExplorePlacesViewController.swift */; };
		6954638B1BC0490A009D9C02 /* Main.storyboard in Resources */ = {isa = PBXBuildFile; fileRef = 695463891BC0490A009D9C02 /* Main.storyboard */; };
		6954638E1BC0490A009D9C02 /* Where2GoModel.xcdatamodeld in Sources */ = {isa = PBXBuildFile; fileRef = 6954638C1BC0490A009D9C02 /* Where2GoModel.xcdatamodeld */; };
		695463931BC0490A009D9C02 /* LaunchScreen.storyboard in Resources */ = {isa = PBXBuildFile; fileRef = 695463911BC0490A009D9C02 /* LaunchScreen.storyboard */; };
		6954639E1BC0490A009D9C02 /* Where2GoTests.swift in Sources */ = {isa = PBXBuildFile; fileRef = 6954639D1BC0490A009D9C02 /* Where2GoTests.swift */; };
		695463A91BC0490A009D9C02 /* Where2GoUITests.swift in Sources */ = {isa = PBXBuildFile; fileRef = 695463A81BC0490A009D9C02 /* Where2GoUITests.swift */; };
		695D711B1BC90BDA00541953 /* MyPlacesViewController.swift in Sources */ = {isa = PBXBuildFile; fileRef = 695D711A1BC90BDA00541953 /* MyPlacesViewController.swift */; };
		695D711D1BC90CD100541953 /* PlacesDetailViewController.swift in Sources */ = {isa = PBXBuildFile; fileRef = 695D711C1BC90CD100541953 /* PlacesDetailViewController.swift */; };
		695F54A81C0E22F400E6B6BA /* TripDetailsViewController.swift in Sources */ = {isa = PBXBuildFile; fileRef = 695F54A71C0E22F400E6B6BA /* TripDetailsViewController.swift */; };
		698D268F1DF1CB290003D51C /* Assets.xcassets in Resources */ = {isa = PBXBuildFile; fileRef = 698D268E1DF1CB290003D51C /* Assets.xcassets */; };
		69A155BD1DF0EED200D572C3 /* Reach.swift in Sources */ = {isa = PBXBuildFile; fileRef = 69A155BC1DF0EED200D572C3 /* Reach.swift */; };
		69B3BC6D1C2AD69D0032C799 /* DisplayTripDetailsViewController.swift in Sources */ = {isa = PBXBuildFile; fileRef = 69B3BC6C1C2AD69D0032C799 /* DisplayTripDetailsViewController.swift */; };
		69BBB9021C0CD8AF00C34D51 /* W2GLocationDetailed.swift in Sources */ = {isa = PBXBuildFile; fileRef = 69BBB9011C0CD8AF00C34D51 /* W2GLocationDetailed.swift */; };
		69CA62E91C09FC3800CBA1A4 /* W2GLocation.swift in Sources */ = {isa = PBXBuildFile; fileRef = 69CA62E71C09FC3800CBA1A4 /* W2GLocation.swift */; };
		69CA62EA1C09FC3800CBA1A4 /* MKW2GLocation.swift in Sources */ = {isa = PBXBuildFile; fileRef = 69CA62E81C09FC3800CBA1A4 /* MKW2GLocation.swift */; };
		69CA62ED1C0A011200CBA1A4 /* FoursquareAPIClient+Constants.swift in Sources */ = {isa = PBXBuildFile; fileRef = 69CA62EB1C0A011200CBA1A4 /* FoursquareAPIClient+Constants.swift */; };
		69CA62EE1C0A011200CBA1A4 /* FoursquareAPIClient.swift in Sources */ = {isa = PBXBuildFile; fileRef = 69CA62EC1C0A011200CBA1A4 /* FoursquareAPIClient.swift */; };
		69CA62F01C0A116800CBA1A4 /* FoursquareAPIClient+Convenience.swift in Sources */ = {isa = PBXBuildFile; fileRef = 69CA62EF1C0A116800CBA1A4 /* FoursquareAPIClient+Convenience.swift */; };
/* End PBXBuildFile section */

/* Begin PBXContainerItemProxy section */
		6954639A1BC0490A009D9C02 /* PBXContainerItemProxy */ = {
			isa = PBXContainerItemProxy;
			containerPortal = 6954637A1BC0490A009D9C02 /* Project object */;
			proxyType = 1;
			remoteGlobalIDString = 695463811BC0490A009D9C02;
			remoteInfo = Where2Go;
		};
		695463A51BC0490A009D9C02 /* PBXContainerItemProxy */ = {
			isa = PBXContainerItemProxy;
			containerPortal = 6954637A1BC0490A009D9C02 /* Project object */;
			proxyType = 1;
			remoteGlobalIDString = 695463811BC0490A009D9C02;
			remoteInfo = Where2Go;
		};
/* End PBXContainerItemProxy section */

/* Begin PBXFileReference section */
		691ED7701C1AC7F800A53C7D /* URLImageView.swift */ = {isa = PBXFileReference; fileEncoding = 4; lastKnownFileType = sourcecode.swift; path = URLImageView.swift; sourceTree = "<group>"; };
		691F25F41C2EF20C00959A69 /* README.md */ = {isa = PBXFileReference; fileEncoding = 4; lastKnownFileType = net.daringfireball.markdown; path = README.md; sourceTree = "<group>"; xcLanguageSpecificationIdentifier = "<none>"; };
		692884511BF514D200BFC75A /* CoreDataStackManager.swift */ = {isa = PBXFileReference; fileEncoding = 4; lastKnownFileType = sourcecode.swift; path = CoreDataStackManager.swift; sourceTree = "<group>"; };
		6930D45F1C26BA52003EAFCE /* Trip+CoreDataProperties.swift */ = {isa = PBXFileReference; fileEncoding = 4; lastKnownFileType = sourcecode.swift; path = "Trip+CoreDataProperties.swift"; sourceTree = "<group>"; };
		6930D4601C26BA52003EAFCE /* Trip.swift */ = {isa = PBXFileReference; fileEncoding = 4; lastKnownFileType = sourcecode.swift; path = Trip.swift; sourceTree = "<group>"; };
		695463821BC0490A009D9C02 /* Where2Go.app */ = {isa = PBXFileReference; explicitFileType = wrapper.application; includeInIndex = 0; path = Where2Go.app; sourceTree = BUILT_PRODUCTS_DIR; };
		695463851BC0490A009D9C02 /* AppDelegate.swift */ = {isa = PBXFileReference; lastKnownFileType = sourcecode.swift; path = AppDelegate.swift; sourceTree = "<group>"; };
		695463871BC0490A009D9C02 /* ExplorePlacesViewController.swift */ = {isa = PBXFileReference; lastKnownFileType = sourcecode.swift; path = ExplorePlacesViewController.swift; sourceTree = "<group>"; };
		6954638A1BC0490A009D9C02 /* Base */ = {isa = PBXFileReference; lastKnownFileType = file.storyboard; name = Base; path = Base.lproj/Main.storyboard; sourceTree = "<group>"; };
		6954638D1BC0490A009D9C02 /* Where2GoModel.xcdatamodel */ = {isa = PBXFileReference; lastKnownFileType = wrapper.xcdatamodel; path = Where2GoModel.xcdatamodel; sourceTree = "<group>"; };
		695463921BC0490A009D9C02 /* Base */ = {isa = PBXFileReference; lastKnownFileType = file.storyboard; name = Base; path = Base.lproj/LaunchScreen.storyboard; sourceTree = "<group>"; };
		695463941BC0490A009D9C02 /* Info.plist */ = {isa = PBXFileReference; lastKnownFileType = text.plist.xml; path = Info.plist; sourceTree = "<group>"; };
		695463991BC0490A009D9C02 /* Where2GoTests.xctest */ = {isa = PBXFileReference; explicitFileType = wrapper.cfbundle; includeInIndex = 0; path = Where2GoTests.xctest; sourceTree = BUILT_PRODUCTS_DIR; };
		6954639D1BC0490A009D9C02 /* Where2GoTests.swift */ = {isa = PBXFileReference; lastKnownFileType = sourcecode.swift; path = Where2GoTests.swift; sourceTree = "<group>"; };
		6954639F1BC0490A009D9C02 /* Info.plist */ = {isa = PBXFileReference; lastKnownFileType = text.plist.xml; path = Info.plist; sourceTree = "<group>"; };
		695463A41BC0490A009D9C02 /* Where2GoUITests.xctest */ = {isa = PBXFileReference; explicitFileType = wrapper.cfbundle; includeInIndex = 0; path = Where2GoUITests.xctest; sourceTree = BUILT_PRODUCTS_DIR; };
		695463A81BC0490A009D9C02 /* Where2GoUITests.swift */ = {isa = PBXFileReference; lastKnownFileType = sourcecode.swift; path = Where2GoUITests.swift; sourceTree = "<group>"; };
		695463AA1BC0490A009D9C02 /* Info.plist */ = {isa = PBXFileReference; lastKnownFileType = text.plist.xml; path = Info.plist; sourceTree = "<group>"; };
		695D711A1BC90BDA00541953 /* MyPlacesViewController.swift */ = {isa = PBXFileReference; fileEncoding = 4; lastKnownFileType = sourcecode.swift; path = MyPlacesViewController.swift; sourceTree = "<group>"; };
		695D711C1BC90CD100541953 /* PlacesDetailViewController.swift */ = {isa = PBXFileReference; fileEncoding = 4; lastKnownFileType = sourcecode.swift; path = PlacesDetailViewController.swift; sourceTree = "<group>"; };
		695F54A71C0E22F400E6B6BA /* TripDetailsViewController.swift */ = {isa = PBXFileReference; fileEncoding = 4; lastKnownFileType = sourcecode.swift; path = TripDetailsViewController.swift; sourceTree = "<group>"; };
		698D268E1DF1CB290003D51C /* Assets.xcassets */ = {isa = PBXFileReference; lastKnownFileType = folder.assetcatalog; path = Assets.xcassets; sourceTree = "<group>"; };
		69A155BC1DF0EED200D572C3 /* Reach.swift */ = {isa = PBXFileReference; fileEncoding = 4; lastKnownFileType = sourcecode.swift; path = Reach.swift; sourceTree = "<group>"; };
		69B3BC6C1C2AD69D0032C799 /* DisplayTripDetailsViewController.swift */ = {isa = PBXFileReference; fileEncoding = 4; lastKnownFileType = sourcecode.swift; path = DisplayTripDetailsViewController.swift; sourceTree = "<group>"; };
		69BBB9011C0CD8AF00C34D51 /* W2GLocationDetailed.swift */ = {isa = PBXFileReference; fileEncoding = 4; lastKnownFileType = sourcecode.swift; path = W2GLocationDetailed.swift; sourceTree = "<group>"; };
		69CA62E71C09FC3800CBA1A4 /* W2GLocation.swift */ = {isa = PBXFileReference; fileEncoding = 4; lastKnownFileType = sourcecode.swift; path = W2GLocation.swift; sourceTree = "<group>"; };
		69CA62E81C09FC3800CBA1A4 /* MKW2GLocation.swift */ = {isa = PBXFileReference; fileEncoding = 4; lastKnownFileType = sourcecode.swift; path = MKW2GLocation.swift; sourceTree = "<group>"; };
		69CA62EB1C0A011200CBA1A4 /* FoursquareAPIClient+Constants.swift */ = {isa = PBXFileReference; fileEncoding = 4; lastKnownFileType = sourcecode.swift; path = "FoursquareAPIClient+Constants.swift"; sourceTree = "<group>"; };
		69CA62EC1C0A011200CBA1A4 /* FoursquareAPIClient.swift */ = {isa = PBXFileReference; fileEncoding = 4; lastKnownFileType = sourcecode.swift; path = FoursquareAPIClient.swift; sourceTree = "<group>"; };
		69CA62EF1C0A116800CBA1A4 /* FoursquareAPIClient+Convenience.swift */ = {isa = PBXFileReference; fileEncoding = 4; lastKnownFileType = sourcecode.swift; path = "FoursquareAPIClient+Convenience.swift"; sourceTree = "<group>"; };
/* End PBXFileReference section */

/* Begin PBXFrameworksBuildPhase section */
		6954637F1BC0490A009D9C02 /* Frameworks */ = {
			isa = PBXFrameworksBuildPhase;
			buildActionMask = 2147483647;
			files = (
			);
			runOnlyForDeploymentPostprocessing = 0;
		};
		695463961BC0490A009D9C02 /* Frameworks */ = {
			isa = PBXFrameworksBuildPhase;
			buildActionMask = 2147483647;
			files = (
			);
			runOnlyForDeploymentPostprocessing = 0;
		};
		695463A11BC0490A009D9C02 /* Frameworks */ = {
			isa = PBXFrameworksBuildPhase;
			buildActionMask = 2147483647;
			files = (
			);
			runOnlyForDeploymentPostprocessing = 0;
		};
/* End PBXFrameworksBuildPhase section */

/* Begin PBXGroup section */
		695463791BC0490A009D9C02 = {
			isa = PBXGroup;
			children = (
				695463841BC0490A009D9C02 /* Where2Go */,
				6954639C1BC0490A009D9C02 /* Where2GoTests */,
				695463A71BC0490A009D9C02 /* Where2GoUITests */,
				695463831BC0490A009D9C02 /* Products */,
			);
			sourceTree = "<group>";
		};
		695463831BC0490A009D9C02 /* Products */ = {
			isa = PBXGroup;
			children = (
				695463821BC0490A009D9C02 /* Where2Go.app */,
				695463991BC0490A009D9C02 /* Where2GoTests.xctest */,
				695463A41BC0490A009D9C02 /* Where2GoUITests.xctest */,
			);
			name = Products;
			sourceTree = "<group>";
		};
		695463841BC0490A009D9C02 /* Where2Go */ = {
			isa = PBXGroup;
			children = (
				691F25F41C2EF20C00959A69 /* README.md */,
				695463851BC0490A009D9C02 /* AppDelegate.swift */,
				695463891BC0490A009D9C02 /* Main.storyboard */,
				695D711E1BC911D000541953 /* Model */,
				695D711F1BC911D600541953 /* View */,
				695D71201BC911E200541953 /* Controller */,
				695D71211BC911FF00541953 /* Supporting Files */,
			);
			path = Where2Go;
			sourceTree = "<group>";
		};
		6954639C1BC0490A009D9C02 /* Where2GoTests */ = {
			isa = PBXGroup;
			children = (
				6954639D1BC0490A009D9C02 /* Where2GoTests.swift */,
				6954639F1BC0490A009D9C02 /* Info.plist */,
			);
			path = Where2GoTests;
			sourceTree = "<group>";
		};
		695463A71BC0490A009D9C02 /* Where2GoUITests */ = {
			isa = PBXGroup;
			children = (
				695463A81BC0490A009D9C02 /* Where2GoUITests.swift */,
				695463AA1BC0490A009D9C02 /* Info.plist */,
			);
			path = Where2GoUITests;
			sourceTree = "<group>";
		};
		695D711E1BC911D000541953 /* Model */ = {
			isa = PBXGroup;
			children = (
				692884511BF514D200BFC75A /* CoreDataStackManager.swift */,
				6954638C1BC0490A009D9C02 /* Where2GoModel.xcdatamodeld */,
				6930D45F1C26BA52003EAFCE /* Trip+CoreDataProperties.swift */,
				6930D4601C26BA52003EAFCE /* Trip.swift */,
				69CA62EC1C0A011200CBA1A4 /* FoursquareAPIClient.swift */,
				69CA62EB1C0A011200CBA1A4 /* FoursquareAPIClient+Constants.swift */,
				69CA62EF1C0A116800CBA1A4 /* FoursquareAPIClient+Convenience.swift */,
				69CA62E71C09FC3800CBA1A4 /* W2GLocation.swift */,
				69BBB9011C0CD8AF00C34D51 /* W2GLocationDetailed.swift */,
				69CA62E81C09FC3800CBA1A4 /* MKW2GLocation.swift */,
			);
			name = Model;
			sourceTree = "<group>";
		};
		695D711F1BC911D600541953 /* View */ = {
			isa = PBXGroup;
			children = (
				691ED7701C1AC7F800A53C7D /* URLImageView.swift */,
			);
			name = View;
			sourceTree = "<group>";
		};
		695D71201BC911E200541953 /* Controller */ = {
			isa = PBXGroup;
			children = (
				695463871BC0490A009D9C02 /* ExplorePlacesViewController.swift */,
				695D711A1BC90BDA00541953 /* MyPlacesViewController.swift */,
				695D711C1BC90CD100541953 /* PlacesDetailViewController.swift */,
				695F54A71C0E22F400E6B6BA /* TripDetailsViewController.swift */,
				69B3BC6C1C2AD69D0032C799 /* DisplayTripDetailsViewController.swift */,
			);
			name = Controller;
			sourceTree = "<group>";
		};
		695D71211BC911FF00541953 /* Supporting Files */ = {
			isa = PBXGroup;
			children = (
				698D268E1DF1CB290003D51C /* Assets.xcassets */,
				695463941BC0490A009D9C02 /* Info.plist */,
				695463911BC0490A009D9C02 /* LaunchScreen.storyboard */,
				69A155BC1DF0EED200D572C3 /* Reach.swift */,
			);
			name = "Supporting Files";
			sourceTree = "<group>";
		};
/* End PBXGroup section */

/* Begin PBXNativeTarget section */
		695463811BC0490A009D9C02 /* Where2Go */ = {
			isa = PBXNativeTarget;
			buildConfigurationList = 695463AD1BC0490A009D9C02 /* Build configuration list for PBXNativeTarget "Where2Go" */;
			buildPhases = (
				6954637E1BC0490A009D9C02 /* Sources */,
				6954637F1BC0490A009D9C02 /* Frameworks */,
				695463801BC0490A009D9C02 /* Resources */,
			);
			buildRules = (
			);
			dependencies = (
			);
			name = Where2Go;
			productName = Where2Go;
			productReference = 695463821BC0490A009D9C02 /* Where2Go.app */;
			productType = "com.apple.product-type.application";
		};
		695463981BC0490A009D9C02 /* Where2GoTests */ = {
			isa = PBXNativeTarget;
			buildConfigurationList = 695463B01BC0490A009D9C02 /* Build configuration list for PBXNativeTarget "Where2GoTests" */;
			buildPhases = (
				695463951BC0490A009D9C02 /* Sources */,
				695463961BC0490A009D9C02 /* Frameworks */,
				695463971BC0490A009D9C02 /* Resources */,
			);
			buildRules = (
			);
			dependencies = (
				6954639B1BC0490A009D9C02 /* PBXTargetDependency */,
			);
			name = Where2GoTests;
			productName = Where2GoTests;
			productReference = 695463991BC0490A009D9C02 /* Where2GoTests.xctest */;
			productType = "com.apple.product-type.bundle.unit-test";
		};
		695463A31BC0490A009D9C02 /* Where2GoUITests */ = {
			isa = PBXNativeTarget;
			buildConfigurationList = 695463B31BC0490A009D9C02 /* Build configuration list for PBXNativeTarget "Where2GoUITests" */;
			buildPhases = (
				695463A01BC0490A009D9C02 /* Sources */,
				695463A11BC0490A009D9C02 /* Frameworks */,
				695463A21BC0490A009D9C02 /* Resources */,
			);
			buildRules = (
			);
			dependencies = (
				695463A61BC0490A009D9C02 /* PBXTargetDependency */,
			);
			name = Where2GoUITests;
			productName = Where2GoUITests;
			productReference = 695463A41BC0490A009D9C02 /* Where2GoUITests.xctest */;
			productType = "com.apple.product-type.bundle.ui-testing";
		};
/* End PBXNativeTarget section */

/* Begin PBXProject section */
		6954637A1BC0490A009D9C02 /* Project object */ = {
			isa = PBXProject;
			attributes = {
				LastUpgradeCheck = 0800;
				ORGANIZATIONNAME = "Daliso Zuze";
				TargetAttributes = {
					695463811BC0490A009D9C02 = {
						CreatedOnToolsVersion = 7.0.1;
						DevelopmentTeam = 2YP2FSPS9R;
						LastSwiftMigration = 0800;
					};
					695463981BC0490A009D9C02 = {
						CreatedOnToolsVersion = 7.0.1;
						LastSwiftMigration = 0800;
						TestTargetID = 695463811BC0490A009D9C02;
					};
					695463A31BC0490A009D9C02 = {
						CreatedOnToolsVersion = 7.0.1;
						LastSwiftMigration = 0800;
						TestTargetID = 695463811BC0490A009D9C02;
					};
				};
			};
			buildConfigurationList = 6954637D1BC0490A009D9C02 /* Build configuration list for PBXProject "Where2Go" */;
			compatibilityVersion = "Xcode 3.2";
			developmentRegion = English;
			hasScannedForEncodings = 0;
			knownRegions = (
				en,
				Base,
			);
			mainGroup = 695463791BC0490A009D9C02;
			productRefGroup = 695463831BC0490A009D9C02 /* Products */;
			projectDirPath = "";
			projectRoot = "";
			targets = (
				695463811BC0490A009D9C02 /* Where2Go */,
				695463981BC0490A009D9C02 /* Where2GoTests */,
				695463A31BC0490A009D9C02 /* Where2GoUITests */,
			);
		};
/* End PBXProject section */

/* Begin PBXResourcesBuildPhase section */
		695463801BC0490A009D9C02 /* Resources */ = {
			isa = PBXResourcesBuildPhase;
			buildActionMask = 2147483647;
			files = (
				695463931BC0490A009D9C02 /* LaunchScreen.storyboard in Resources */,
				691F25F51C2EF20C00959A69 /* README.md in Resources */,
				698D268F1DF1CB290003D51C /* Assets.xcassets in Resources */,
				6954638B1BC0490A009D9C02 /* Main.storyboard in Resources */,
			);
			runOnlyForDeploymentPostprocessing = 0;
		};
		695463971BC0490A009D9C02 /* Resources */ = {
			isa = PBXResourcesBuildPhase;
			buildActionMask = 2147483647;
			files = (
			);
			runOnlyForDeploymentPostprocessing = 0;
		};
		695463A21BC0490A009D9C02 /* Resources */ = {
			isa = PBXResourcesBuildPhase;
			buildActionMask = 2147483647;
			files = (
			);
			runOnlyForDeploymentPostprocessing = 0;
		};
/* End PBXResourcesBuildPhase section */

/* Begin PBXSourcesBuildPhase section */
		6954637E1BC0490A009D9C02 /* Sources */ = {
			isa = PBXSourcesBuildPhase;
			buildActionMask = 2147483647;
			files = (
				6930D4611C26BA52003EAFCE /* Trip+CoreDataProperties.swift in Sources */,
				69A155BD1DF0EED200D572C3 /* Reach.swift in Sources */,
				695463881BC0490A009D9C02 /* ExplorePlacesViewController.swift in Sources */,
				69B3BC6D1C2AD69D0032C799 /* DisplayTripDetailsViewController.swift in Sources */,
				69CA62EE1C0A011200CBA1A4 /* FoursquareAPIClient.swift in Sources */,
				6954638E1BC0490A009D9C02 /* Where2GoModel.xcdatamodeld in Sources */,
				69BBB9021C0CD8AF00C34D51 /* W2GLocationDetailed.swift in Sources */,
				695D711D1BC90CD100541953 /* PlacesDetailViewController.swift in Sources */,
				695D711B1BC90BDA00541953 /* MyPlacesViewController.swift in Sources */,
				691ED7711C1AC7F900A53C7D /* URLImageView.swift in Sources */,
				6930D4621C26BA52003EAFCE /* Trip.swift in Sources */,
				69CA62ED1C0A011200CBA1A4 /* FoursquareAPIClient+Constants.swift in Sources */,
				69CA62F01C0A116800CBA1A4 /* FoursquareAPIClient+Convenience.swift in Sources */,
				695463861BC0490A009D9C02 /* AppDelegate.swift in Sources */,
				69CA62EA1C09FC3800CBA1A4 /* MKW2GLocation.swift in Sources */,
				692884521BF514D200BFC75A /* CoreDataStackManager.swift in Sources */,
				695F54A81C0E22F400E6B6BA /* TripDetailsViewController.swift in Sources */,
				69CA62E91C09FC3800CBA1A4 /* W2GLocation.swift in Sources */,
			);
			runOnlyForDeploymentPostprocessing = 0;
		};
		695463951BC0490A009D9C02 /* Sources */ = {
			isa = PBXSourcesBuildPhase;
			buildActionMask = 2147483647;
			files = (
				6954639E1BC0490A009D9C02 /* Where2GoTests.swift in Sources */,
			);
			runOnlyForDeploymentPostprocessing = 0;
		};
		695463A01BC0490A009D9C02 /* Sources */ = {
			isa = PBXSourcesBuildPhase;
			buildActionMask = 2147483647;
			files = (
				695463A91BC0490A009D9C02 /* Where2GoUITests.swift in Sources */,
			);
			runOnlyForDeploymentPostprocessing = 0;
		};
/* End PBXSourcesBuildPhase section */

/* Begin PBXTargetDependency section */
		6954639B1BC0490A009D9C02 /* PBXTargetDependency */ = {
			isa = PBXTargetDependency;
			target = 695463811BC0490A009D9C02 /* Where2Go */;
			targetProxy = 6954639A1BC0490A009D9C02 /* PBXContainerItemProxy */;
		};
		695463A61BC0490A009D9C02 /* PBXTargetDependency */ = {
			isa = PBXTargetDependency;
			target = 695463811BC0490A009D9C02 /* Where2Go */;
			targetProxy = 695463A51BC0490A009D9C02 /* PBXContainerItemProxy */;
		};
/* End PBXTargetDependency section */

/* Begin PBXVariantGroup section */
		695463891BC0490A009D9C02 /* Main.storyboard */ = {
			isa = PBXVariantGroup;
			children = (
				6954638A1BC0490A009D9C02 /* Base */,
			);
			name = Main.storyboard;
			sourceTree = "<group>";
		};
		695463911BC0490A009D9C02 /* LaunchScreen.storyboard */ = {
			isa = PBXVariantGroup;
			children = (
				695463921BC0490A009D9C02 /* Base */,
			);
			name = LaunchScreen.storyboard;
			sourceTree = "<group>";
		};
/* End PBXVariantGroup section */

/* Begin XCBuildConfiguration section */
		695463AB1BC0490A009D9C02 /* Debug */ = {
			isa = XCBuildConfiguration;
			buildSettings = {
				ALWAYS_SEARCH_USER_PATHS = NO;
				CLANG_CXX_LANGUAGE_STANDARD = "gnu++0x";
				CLANG_CXX_LIBRARY = "libc++";
				CLANG_ENABLE_MODULES = YES;
				CLANG_ENABLE_OBJC_ARC = YES;
				CLANG_WARN_BOOL_CONVERSION = YES;
				CLANG_WARN_CONSTANT_CONVERSION = YES;
				CLANG_WARN_DIRECT_OBJC_ISA_USAGE = YES_ERROR;
				CLANG_WARN_EMPTY_BODY = YES;
				CLANG_WARN_ENUM_CONVERSION = YES;
				CLANG_WARN_INFINITE_RECURSION = YES;
				CLANG_WARN_INT_CONVERSION = YES;
				CLANG_WARN_OBJC_ROOT_CLASS = YES_ERROR;
				CLANG_WARN_SUSPICIOUS_MOVE = YES;
				CLANG_WARN_UNREACHABLE_CODE = YES;
				CLANG_WARN__DUPLICATE_METHOD_MATCH = YES;
				"CODE_SIGN_IDENTITY[sdk=iphoneos*]" = "iPhone Developer";
				COPY_PHASE_STRIP = NO;
				DEBUG_INFORMATION_FORMAT = dwarf;
				ENABLE_STRICT_OBJC_MSGSEND = YES;
				ENABLE_TESTABILITY = YES;
				GCC_C_LANGUAGE_STANDARD = gnu99;
				GCC_DYNAMIC_NO_PIC = NO;
				GCC_NO_COMMON_BLOCKS = YES;
				GCC_OPTIMIZATION_LEVEL = 0;
				GCC_PREPROCESSOR_DEFINITIONS = (
					"DEBUG=1",
					"$(inherited)",
				);
				GCC_WARN_64_TO_32_BIT_CONVERSION = YES;
				GCC_WARN_ABOUT_RETURN_TYPE = YES_ERROR;
				GCC_WARN_UNDECLARED_SELECTOR = YES;
				GCC_WARN_UNINITIALIZED_AUTOS = YES_AGGRESSIVE;
				GCC_WARN_UNUSED_FUNCTION = YES;
				GCC_WARN_UNUSED_VARIABLE = YES;
				IPHONEOS_DEPLOYMENT_TARGET = 9.0;
				MTL_ENABLE_DEBUG_INFO = YES;
				ONLY_ACTIVE_ARCH = YES;
				SDKROOT = iphoneos;
				SWIFT_OPTIMIZATION_LEVEL = "-Onone";
			};
			name = Debug;
		};
		695463AC1BC0490A009D9C02 /* Release */ = {
			isa = XCBuildConfiguration;
			buildSettings = {
				ALWAYS_SEARCH_USER_PATHS = NO;
				CLANG_CXX_LANGUAGE_STANDARD = "gnu++0x";
				CLANG_CXX_LIBRARY = "libc++";
				CLANG_ENABLE_MODULES = YES;
				CLANG_ENABLE_OBJC_ARC = YES;
				CLANG_WARN_BOOL_CONVERSION = YES;
				CLANG_WARN_CONSTANT_CONVERSION = YES;
				CLANG_WARN_DIRECT_OBJC_ISA_USAGE = YES_ERROR;
				CLANG_WARN_EMPTY_BODY = YES;
				CLANG_WARN_ENUM_CONVERSION = YES;
				CLANG_WARN_INFINITE_RECURSION = YES;
				CLANG_WARN_INT_CONVERSION = YES;
				CLANG_WARN_OBJC_ROOT_CLASS = YES_ERROR;
				CLANG_WARN_SUSPICIOUS_MOVE = YES;
				CLANG_WARN_UNREACHABLE_CODE = YES;
				CLANG_WARN__DUPLICATE_METHOD_MATCH = YES;
				"CODE_SIGN_IDENTITY[sdk=iphoneos*]" = "iPhone Developer";
				COPY_PHASE_STRIP = NO;
				DEBUG_INFORMATION_FORMAT = "dwarf-with-dsym";
				ENABLE_NS_ASSERTIONS = NO;
				ENABLE_STRICT_OBJC_MSGSEND = YES;
				GCC_C_LANGUAGE_STANDARD = gnu99;
				GCC_NO_COMMON_BLOCKS = YES;
				GCC_WARN_64_TO_32_BIT_CONVERSION = YES;
				GCC_WARN_ABOUT_RETURN_TYPE = YES_ERROR;
				GCC_WARN_UNDECLARED_SELECTOR = YES;
				GCC_WARN_UNINITIALIZED_AUTOS = YES_AGGRESSIVE;
				GCC_WARN_UNUSED_FUNCTION = YES;
				GCC_WARN_UNUSED_VARIABLE = YES;
				IPHONEOS_DEPLOYMENT_TARGET = 9.0;
				MTL_ENABLE_DEBUG_INFO = NO;
				SDKROOT = iphoneos;
				SWIFT_OPTIMIZATION_LEVEL = "-Owholemodule";
				VALIDATE_PRODUCT = YES;
			};
			name = Release;
		};
		695463AE1BC0490A009D9C02 /* Debug */ = {
			isa = XCBuildConfiguration;
			buildSettings = {
				ASSETCATALOG_COMPILER_APPICON_NAME = AppIcon;
				CODE_SIGN_IDENTITY = "iPhone Developer";
				"CODE_SIGN_IDENTITY[sdk=iphoneos*]" = "iPhone Developer";
				INFOPLIST_FILE = Where2Go/Info.plist;
				IPHONEOS_DEPLOYMENT_TARGET = 9.3;
				LD_RUNPATH_SEARCH_PATHS = "$(inherited) @executable_path/Frameworks";
				PRODUCT_BUNDLE_IDENTIFIER = me.daliso.Where2Go;
				PRODUCT_NAME = "$(TARGET_NAME)";
				PROVISIONING_PROFILE = "";
				SWIFT_VERSION = 3.0;
			};
			name = Debug;
		};
		695463AF1BC0490A009D9C02 /* Release */ = {
			isa = XCBuildConfiguration;
			buildSettings = {
				ASSETCATALOG_COMPILER_APPICON_NAME = AppIcon;
				CODE_SIGN_IDENTITY = "iPhone Developer";
				"CODE_SIGN_IDENTITY[sdk=iphoneos*]" = "iPhone Developer";
				INFOPLIST_FILE = Where2Go/Info.plist;
				IPHONEOS_DEPLOYMENT_TARGET = 9.3;
				LD_RUNPATH_SEARCH_PATHS = "$(inherited) @executable_path/Frameworks";
				PRODUCT_BUNDLE_IDENTIFIER = me.daliso.Where2Go;
				PRODUCT_NAME = "$(TARGET_NAME)";
				PROVISIONING_PROFILE = "";
				SWIFT_VERSION = 3.0;
			};
			name = Release;
		};
		695463B11BC0490A009D9C02 /* Debug */ = {
			isa = XCBuildConfiguration;
			buildSettings = {
				BUNDLE_LOADER = "$(TEST_HOST)";
				INFOPLIST_FILE = Where2GoTests/Info.plist;
				LD_RUNPATH_SEARCH_PATHS = "$(inherited) @executable_path/Frameworks @loader_path/Frameworks";
				PRODUCT_BUNDLE_IDENTIFIER = me.daliso.Where2GoTests;
				PRODUCT_NAME = "$(TARGET_NAME)";
				SWIFT_VERSION = 3.0;
				TEST_HOST = "$(BUILT_PRODUCTS_DIR)/Where2Go.app/Where2Go";
			};
			name = Debug;
		};
		695463B21BC0490A009D9C02 /* Release */ = {
			isa = XCBuildConfiguration;
			buildSettings = {
				BUNDLE_LOADER = "$(TEST_HOST)";
				INFOPLIST_FILE = Where2GoTests/Info.plist;
				LD_RUNPATH_SEARCH_PATHS = "$(inherited) @executable_path/Frameworks @loader_path/Frameworks";
				PRODUCT_BUNDLE_IDENTIFIER = me.daliso.Where2GoTests;
				PRODUCT_NAME = "$(TARGET_NAME)";
				SWIFT_VERSION = 3.0;
				TEST_HOST = "$(BUILT_PRODUCTS_DIR)/Where2Go.app/Where2Go";
			};
			name = Release;
		};
		695463B41BC0490A009D9C02 /* Debug */ = {
			isa = XCBuildConfiguration;
			buildSettings = {
				INFOPLIST_FILE = Where2GoUITests/Info.plist;
				LD_RUNPATH_SEARCH_PATHS = "$(inherited) @executable_path/Frameworks @loader_path/Frameworks";
				PRODUCT_BUNDLE_IDENTIFIER = me.daliso.Where2GoUITests;
				PRODUCT_NAME = "$(TARGET_NAME)";
				SWIFT_VERSION = 3.0;
				TEST_TARGET_NAME = Where2Go;
				USES_XCTRUNNER = YES;
			};
			name = Debug;
		};
		695463B51BC0490A009D9C02 /* Release */ = {
			isa = XCBuildConfiguration;
			buildSettings = {
				INFOPLIST_FILE = Where2GoUITests/Info.plist;
				LD_RUNPATH_SEARCH_PATHS = "$(inherited) @executable_path/Frameworks @loader_path/Frameworks";
				PRODUCT_BUNDLE_IDENTIFIER = me.daliso.Where2GoUITests;
				PRODUCT_NAME = "$(TARGET_NAME)";
				SWIFT_VERSION = 3.0;
				TEST_TARGET_NAME = Where2Go;
				USES_XCTRUNNER = YES;
			};
			name = Release;
		};
/* End XCBuildConfiguration section */

/* Begin XCConfigurationList section */
		6954637D1BC0490A009D9C02 /* Build configuration list for PBXProject "Where2Go" */ = {
			isa = XCConfigurationList;
			buildConfigurations = (
				695463AB1BC0490A009D9C02 /* Debug */,
				695463AC1BC0490A009D9C02 /* Release */,
			);
			defaultConfigurationIsVisible = 0;
			defaultConfigurationName = Release;
		};
		695463AD1BC0490A009D9C02 /* Build configuration list for PBXNativeTarget "Where2Go" */ = {
			isa = XCConfigurationList;
			buildConfigurations = (
				695463AE1BC0490A009D9C02 /* Debug */,
				695463AF1BC0490A009D9C02 /* Release */,
			);
			defaultConfigurationIsVisible = 0;
			defaultConfigurationName = Release;
		};
		695463B01BC0490A009D9C02 /* Build configuration list for PBXNativeTarget "Where2GoTests" */ = {
			isa = XCConfigurationList;
			buildConfigurations = (
				695463B11BC0490A009D9C02 /* Debug */,
				695463B21BC0490A009D9C02 /* Release */,
			);
			defaultConfigurationIsVisible = 0;
			defaultConfigurationName = Release;
		};
		695463B31BC0490A009D9C02 /* Build configuration list for PBXNativeTarget "Where2GoUITests" */ = {
			isa = XCConfigurationList;
			buildConfigurations = (
				695463B41BC0490A009D9C02 /* Debug */,
				695463B51BC0490A009D9C02 /* Release */,
			);
			defaultConfigurationIsVisible = 0;
			defaultConfigurationName = Release;
		};
/* End XCConfigurationList section */

/* Begin XCVersionGroup section */
		6954638C1BC0490A009D9C02 /* Where2GoModel.xcdatamodeld */ = {
			isa = XCVersionGroup;
			children = (
				6954638D1BC0490A009D9C02 /* Where2GoModel.xcdatamodel */,
			);
			currentVersion = 6954638D1BC0490A009D9C02 /* Where2GoModel.xcdatamodel */;
			path = Where2GoModel.xcdatamodeld;
			sourceTree = "<group>";
			versionGroupType = wrapper.xcdatamodel;
		};
/* End XCVersionGroup section */
	};
	rootObject = 6954637A1BC0490A009D9C02 /* Project object */;
}
